Microsoft Visual Studio Solution File, Format Version 11.00
# Visual Studio 2019

Project("{8BC9CEB8-8B4A-11D0-8D11-00A0C91BC942}") = "NewProject - Standalone Plugin", "NewProject_StandalonePlugin.vcxproj", "{E4951E90-6BE6-577E-1FA5-D64C15787C62}"
	ProjectSection(ProjectDependencies) = postProject
		{6CC1D35B-D100-A56B-56B0-E8C73E41C3FA} = {6CC1D35B-D100-A56B-56B0-E8C73E41C3FA}
	EndProjectSection
EndProject
Project("{8BC9CEB8-8B4A-11D0-8D11-00A0C91BC942}") = "NewProject - VST3", "NewProject_VST3.vcxproj", "{63F98F73-8CD9-9288-6175-8D9E4FA8B3C6}"
	ProjectSection(ProjectDependencies) = postProject
		{6CC1D35B-D100-A56B-56B0-E8C73E41C3FA} = {6CC1D35B-D100-A56B-56B0-E8C73E41C3FA}
	EndProjectSection
EndProject
Project("{8BC9CEB8-8B4A-11D0-8D11-00A0C91BC942}") = "NewProject - Shared Code", "NewProject_SharedCode.vcxproj", "{6CC1D35B-D100-A56B-56B0-E8C73E41C3FA}"
EndProject
Global
	GlobalSection(SolutionConfigurationPlatforms) = preSolution
		Debug|x64 = Debug|x64
		Release|x64 = Release|x64
	EndGlobalSection
	GlobalSection(ProjectConfigurationPlatforms) = postSolution
		{63F98F73-8CD9-9288-6175-8D9E4FA8B3C6}.Debug|x64.ActiveCfg = Debug|x64
		{63F98F73-8CD9-9288-6175-8D9E4FA8B3C6}.Debug|x64.Build.0 = Debug|x64
		{63F98F73-8CD9-9288-6175-8D9E4FA8B3C6}.Release|x64.ActiveCfg = Release|x64
		{63F98F73-8CD9-9288-6175-8D9E4FA8B3C6}.Release|x64.Build.0 = Release|x64
		{E4951E90-6BE6-577E-1FA5-D64C15787C62}.Debug|x64.ActiveCfg = Debug|x64
		{E4951E90-6BE6-577E-1FA5-D64C15787C62}.Debug|x64.Build.0 = Debug|x64
		{E4951E90-6BE6-577E-1FA5-D64C15787C62}.Release|x64.ActiveCfg = Release|x64
		{E4951E90-6BE6-577E-1FA5-D64C15787C62}.Release|x64.Build.0 = Release|x64
		{6CC1D35B-D100-A56B-56B0-E8C73E41C3FA}.Debug|x64.ActiveCfg = Debug|x64
		{6CC1D35B-D100-A56B-56B0-E8C73E41C3FA}.Debug|x64.Build.0 = Debug|x64
		{6CC1D35B-D100-A56B-56B0-E8C73E41C3FA}.Release|x64.ActiveCfg = Release|x64
		{6CC1D35B-D100-A56B-56B0-E8C73E41C3FA}.Release|x64.Build.0 = Release|x64
	EndGlobalSection
	GlobalSection(SolutionProperties) = preSolution
		HideSolutionNode = FALSE
	EndGlobalSection
EndGlobal
