// !$*UTF8*$!
{
	archiveVersion = 1;
	classes = {
	};
	objectVersion = 46;
	objects = {
		70FE47A713A56F668B65BF35 = {
			isa = PBXBuildFile;
			fileRef = 7958F067C25BD46BCAAC5852;
		};
		6AFF4173FA977F36551C8236 = {
			isa = PBXBuildFile;
			fileRef = 38C18086227D149837A8E2DA;
		};
		13A8870D47820F1404100FA8 = {
			isa = PBXBuildFile;
			fileRef = CE4B158FB6FCD9D61100B3A0;
		};
		B0DFA2F7E40FDF70B2537DE1 = {
			isa = PBXBuildFile;
			fileRef = BF2EDBD5D14915C9774603CF;
		};
		728266E71C0AB24CAB9DEE5C = {
			isa = PBXBuildFile;
			fileRef = 5BD5B976B9D295CFC44BB2F8;
		};
		E34FD6B31CEBB0797DA38F81 = {
			isa = PBXBuildFile;
			fileRef = B3CD05B88E92F655A9864EEF;
		};
		A3C6AA2087F6B57C33F45EEB = {
			isa = PBXBuildFile;
			fileRef = A717B34E4ABDA44AE2E59437;
		};
		4CFDEF402F5361F261837776 = {
			isa = PBXBuildFile;
			fileRef = 123068F23EBE77C9CA7D9A3C;
		};
		006FAA486C0A6527B6165806 = {
			isa = PBXBuildFile;
			fileRef = CA8AE2187B3B3990023E37FF;
		};
		35201FE5C0FC643223DE2EB5 = {
			isa = PBXBuildFile;
			fileRef = 6D50B975F8A5E58FB9954D68;
		};
		9F4FD14D9CDDB6D546DBFFAD = {
			isa = PBXBuildFile;
			fileRef = 5E1443501F98D8EC5C75EFE3;
		};
		B60D08A3EB31951DD0F79E0A = {
			isa = PBXBuildFile;
			fileRef = A19584D33F7E478E23D04905;
		};
		17BC57295629EA63FB9DFBDE = {
			isa = PBXBuildFile;
			fileRef = 541372FE4DD330AF919DE90D;
		};
		C0653E2F0CEC4C900DC28755 = {
			isa = PBXBuildFile;
			fileRef = 9422DEC9CAB8292B812ED12B;
		};
		926680A7FE4EB0FB00A3B814 = {
			isa = PBXBuildFile;
			fileRef = D1319A57DDCCB18CBD55BFD7;
		};
		3DE5E3DD7BAE952ABCD4F65F = {
			isa = PBXBuildFile;
			fileRef = 39D9A937F14A302034CE5F03;
		};
		7E9E6039B2555AE8E8F17109 = {
			isa = PBXBuildFile;
			fileRef = E8A83A9C509586AE7A372833;
		};
		574C3292BCD66F7DA5EA6D5D = {
			isa = PBXBuildFile;
			fileRef = 75F8972E9238906904FFEE09;
		};
		EF96AB62A22FE5809483467F = {
			isa = PBXBuildFile;
			fileRef = E6623F42589EDE1E58C2E883;
		};
		F597B3B2004701FC9923DB8E = {
			isa = PBXBuildFile;
			fileRef = 42001112FDA49D29CD8AC4E5;
		};
		BFF5190AADB9872D86670F0F = {
			isa = PBXBuildFile;
			fileRef = BF7CAF6879E73F7503197CA9;
		};
		7B8F10D39DF375AC7A83D515 = {
			isa = PBXBuildFile;
			fileRef = B1482ED731FE0CBDE0D82DB6;
		};
		8466A0701E0F7F0F4CE65C3E = {
			isa = PBXBuildFile;
			fileRef = AFEA24B21E9C47AE98920212;
		};
		B9A6AAE01F334031D2110AC1 = {
			isa = PBXBuildFile;
			fileRef = E602E2A565D941AE0090BAC2;
		};
		62495EFD1CA1777FA749305F = {
			isa = PBXBuildFile;
			fileRef = 9DC0F4F0A2658FC85F1F3BB1;
		};
		B6B160EA5936FA705C59553F = {
			isa = PBXBuildFile;
			fileRef = 308CD34E496450F894A5C546;
		};
		37AFFB95994AEC4C2FE2425B = {
			isa = PBXBuildFile;
			fileRef = 0B573B3FABAE213AE5842D16;
		};
		8E5D18740B50F39EF64D55F4 = {
			isa = PBXBuildFile;
			fileRef = 82E6F03C731A5AE466EB0C49;
		};
		3462A33DE6B7CCC3EA848B77 = {
			isa = PBXBuildFile;
			fileRef = 8105193E029D2A4CD7EEF601;
		};
		D63E774503C280023C8133F2 = {
			isa = PBXBuildFile;
			fileRef = 10B86734374FBACF1CF350CA;
		};
		0B096D40C94DBA051C647599 = {
			isa = PBXBuildFile;
			fileRef = A1F7B2BBCD3F1C9543D48467;
		};
		BB9FADD39F6528E087EA9602 = {
			isa = PBXBuildFile;
			fileRef = 23C9CB47103C6A19119126A2;
		};
		82ECC5A1D5CD947646BB4228 = {
			isa = PBXBuildFile;
			fileRef = 2D5C82D07C569E384B65B202;
		};
		611CF54CA745B22C3763916A = {
			isa = PBXBuildFile;
			fileRef = 01190CBF5476D6B6A7980415;
		};
		40CF01FDE4286DB5B4234C44 = {
			isa = PBXBuildFile;
			fileRef = 0EB1AA9ED83CC99D5D7FEBBF;
		};
		01190CBF5476D6B6A7980415 = {
			isa = PBXFileReference;
			lastKnownFileType = sourcecode.cpp.objcpp;
			name = "include_juce_gui_basics.mm";
			path = "../../JuceLibraryCode/include_juce_gui_basics.mm";
			sourceTree = "SOURCE_ROOT";
		};
		032EA5B8269F612386C87013 = {
			isa = PBXFileReference;
			lastKnownFileType = sourcecode.c.h;
			name = PluginEditor.h;
			path = ../../Source/PluginEditor.h;
			sourceTree = "SOURCE_ROOT";
		};
		0B573B3FABAE213AE5842D16 = {
			isa = PBXFileReference;
			lastKnownFileType = sourcecode.cpp.cpp;
			name = "include_juce_audio_plugin_client_VST3.cpp";
			path = "../../JuceLibraryCode/include_juce_audio_plugin_client_VST3.cpp";
			sourceTree = "SOURCE_ROOT";
		};
		0CE576DEE6C9150BD9F5ACE8 = {
			isa = PBXFileReference;
			lastKnownFileType = file;
			name = "juce_data_structures";
			path = "../../JuceLibraryCode/modules/juce_data_structures";
			sourceTree = "SOURCE_ROOT";
		};
		0EB1AA9ED83CC99D5D7FEBBF = {
			isa = PBXFileReference;
			lastKnownFileType = sourcecode.cpp.objcpp;
			name = "include_juce_gui_extra.mm";
			path = "../../JuceLibraryCode/include_juce_gui_extra.mm";
			sourceTree = "SOURCE_ROOT";
		};
		10B86734374FBACF1CF350CA = {
			isa = PBXFileReference;
			lastKnownFileType = sourcecode.cpp.objcpp;
			name = "include_juce_core.mm";
			path = "../../JuceLibraryCode/include_juce_core.mm";
			sourceTree = "SOURCE_ROOT";
		};
		123068F23EBE77C9CA7D9A3C = {
			isa = PBXFileReference;
			lastKnownFileType = wrapper.framework;
			name = Cocoa.framework;
			path = System/Library/Frameworks/Cocoa.framework;
			sourceTree = SDKROOT;
		};
		16F85B5D0B2065CEA02853B1 = {
			isa = PBXFileReference;
			lastKnownFileType = file;
			name = "juce_core";
			path = "../../JuceLibraryCode/modules/juce_core";
			sourceTree = "SOURCE_ROOT";
		};
		23C9CB47103C6A19119126A2 = {
			isa = PBXFileReference;
			lastKnownFileType = sourcecode.cpp.objcpp;
			name = "include_juce_events.mm";
			path = "../../JuceLibraryCode/include_juce_events.mm";
			sourceTree = "SOURCE_ROOT";
		};
		2D5C82D07C569E384B65B202 = {
			isa = PBXFileReference;
			lastKnownFileType = sourcecode.cpp.objcpp;
			name = "include_juce_graphics.mm";
			path = "../../JuceLibraryCode/include_juce_graphics.mm";
			sourceTree = "SOURCE_ROOT";
		};
		308CD34E496450F894A5C546 = {
			isa = PBXFileReference;
			lastKnownFileType = sourcecode.cpp.objcpp;
			name = "include_juce_audio_plugin_client_VST_utils.mm";
			path = "../../JuceLibraryCode/include_juce_audio_plugin_client_VST_utils.mm";
			sourceTree = "SOURCE_ROOT";
		};
		52E75AEA8DEF61A27C4FD8AC = {
			isa = PBXFileReference;
			lastKnownFileType = text.plist.xml;
			name = "Info-AU.plist";
			path = "Info-AU.plist";
			sourceTree = "SOURCE_ROOT";
		};
		541372FE4DD330AF919DE90D = {
			isa = PBXFileReference;
			lastKnownFileType = wrapper.framework;
			name = IOKit.framework;
			path = System/Library/Frameworks/IOKit.framework;
			sourceTree = SDKROOT;
		};
		74B27948EE176398445A23A0 = {
			isa = PBXFileReference;
			lastKnownFileType = sourcecode.c.h;
			name = JuceHeader.h;
			path = ../../JuceLibraryCode/JuceHeader.h;
			sourceTree = "SOURCE_ROOT";
		};
		7958F067C25BD46BCAAC5852 = {
			isa = PBXFileReference;
			explicitFileType = wrapper.cfbundle;
			includeInIndex = 0;
			path = bittyDebug.vst3;
			sourceTree = "BUILT_PRODUCTS_DIR";
		};
		38C18086227D149837A8E2DA = {
			isa = PBXFileReference;
			explicitFileType = wrapper.cfbundle;
			includeInIndex = 0;
			path = bittyDebug.component;
			sourceTree = "BUILT_PRODUCTS_DIR";
		};
		39D9A937F14A302034CE5F03 = {
			isa = PBXFileReference;
			lastKnownFileType = file.nib;
			name = RecentFilesMenuTemplate.nib;
			path = RecentFilesMenuTemplate.nib;
			sourceTree = "SOURCE_ROOT";
		};
		3BEAD115ADCDE5625A6E3FC5 = {
			isa = PBXFileReference;
			lastKnownFileType = file;
			name = "juce_audio_basics";
			path = "../../JuceLibraryCode/modules/juce_audio_basics";
			sourceTree = "SOURCE_ROOT";
		};
		3E6AAA4BEC6D92E7AACDF378 = {
			isa = PBXFileReference;
			lastKnownFileType = file;
			name = "juce_gui_basics";
			path = "../../JuceLibraryCode/modules/juce_gui_basics";
			sourceTree = "SOURCE_ROOT";
		};
		3E6FB2A503CC094BF080E6DE = {
			isa = PBXFileReference;
			lastKnownFileType = file;
			name = "juce_graphics";
			path = "../../JuceLibraryCode/modules/juce_graphics";
			sourceTree = "SOURCE_ROOT";
		};
		41A0C53063FC2C50ABE06B5E = {
			isa = PBXFileReference;
			lastKnownFileType = sourcecode.c.h;
			name = PluginProcessor.h;
			path = ../../Source/PluginProcessor.h;
			sourceTree = "SOURCE_ROOT";
		};
		42001112FDA49D29CD8AC4E5 = {
			isa = PBXFileReference;
			lastKnownFileType = sourcecode.cpp.objcpp;
			name = "include_juce_audio_devices.mm";
			path = "../../JuceLibraryCode/include_juce_audio_devices.mm";
			sourceTree = "SOURCE_ROOT";
		};
		5BD5B976B9D295CFC44BB2F8 = {
			isa = PBXFileReference;
			lastKnownFileType = wrapper.framework;
			name = Accelerate.framework;
			path = System/Library/Frameworks/Accelerate.framework;
			sourceTree = SDKROOT;
		};
		5E1443501F98D8EC5C75EFE3 = {
			isa = PBXFileReference;
			lastKnownFileType = wrapper.framework;
			name = CoreMIDI.framework;
			path = System/Library/Frameworks/CoreMIDI.framework;
			sourceTree = SDKROOT;
		};
		6BB4441CE954871BB792E5C1 = {
			isa = PBXFileReference;
			lastKnownFileType = file;
			name = "juce_audio_utils";
			path = "../../JuceLibraryCode/modules/juce_audio_utils";
			sourceTree = "SOURCE_ROOT";
		};
		6D50B975F8A5E58FB9954D68 = {
			isa = PBXFileReference;
			lastKnownFileType = wrapper.framework;
			name = CoreAudioKit.framework;
			path = System/Library/Frameworks/CoreAudioKit.framework;
			sourceTree = SDKROOT;
		};
		74EC302283068EC8B5DF9495 = {
			isa = PBXFileReference;
			lastKnownFileType = file;
			name = "juce_audio_processors";
			path = "../../JuceLibraryCode/modules/juce_audio_processors";
			sourceTree = "SOURCE_ROOT";
		};
		75F8972E9238906904FFEE09 = {
			isa = PBXFileReference;
			lastKnownFileType = sourcecode.cpp.cpp;
			name = PluginEditor.cpp;
			path = ../../Source/PluginEditor.cpp;
			sourceTree = "SOURCE_ROOT";
		};
		7F65D36D0C1D9F600F27BB75 = {
			isa = PBXFileReference;
			lastKnownFileType = file;
			name = "juce_gui_extra";
			path = "../../JuceLibraryCode/modules/juce_gui_extra";
			sourceTree = "SOURCE_ROOT";
		};
		8105193E029D2A4CD7EEF601 = {
			isa = PBXFileReference;
			lastKnownFileType = sourcecode.cpp.objcpp;
			name = "include_juce_audio_utils.mm";
			path = "../../JuceLibraryCode/include_juce_audio_utils.mm";
			sourceTree = "SOURCE_ROOT";
		};
		82E6F03C731A5AE466EB0C49 = {
			isa = PBXFileReference;
			lastKnownFileType = sourcecode.cpp.objcpp;
			name = "include_juce_audio_processors.mm";
			path = "../../JuceLibraryCode/include_juce_audio_processors.mm";
			sourceTree = "SOURCE_ROOT";
		};
		8E0A8F0620FE4192EED4F8E5 = {
			isa = PBXFileReference;
			lastKnownFileType = file;
			name = "juce_audio_plugin_client";
			path = "../../JuceLibraryCode/modules/juce_audio_plugin_client";
			sourceTree = "SOURCE_ROOT";
		};
		931A868A9DC0E6D6274592E7 = {
			isa = PBXFileReference;
			lastKnownFileType = file;
			name = "juce_events";
			path = "../../JuceLibraryCode/modules/juce_events";
			sourceTree = "SOURCE_ROOT";
		};
		9422DEC9CAB8292B812ED12B = {
			isa = PBXFileReference;
			lastKnownFileType = wrapper.framework;
			name = QuartzCore.framework;
			path = System/Library/Frameworks/QuartzCore.framework;
			sourceTree = SDKROOT;
		};
		979BECB982A0FC01F70A2D88 = {
			isa = PBXFileReference;
			lastKnownFileType = file;
			name = "juce_audio_devices";
			path = "../../JuceLibraryCode/modules/juce_audio_devices";
			sourceTree = "SOURCE_ROOT";
		};
		9DC0F4F0A2658FC85F1F3BB1 = {
			isa = PBXFileReference;
			lastKnownFileType = sourcecode.cpp.cpp;
			name = "include_juce_audio_plugin_client_utils.cpp";
			path = "../../JuceLibraryCode/include_juce_audio_plugin_client_utils.cpp";
			sourceTree = "SOURCE_ROOT";
		};
		A19584D33F7E478E23D04905 = {
			isa = PBXFileReference;
			lastKnownFileType = wrapper.framework;
			name = DiscRecording.framework;
			path = System/Library/Frameworks/DiscRecording.framework;
			sourceTree = SDKROOT;
		};
		A1F7B2BBCD3F1C9543D48467 = {
			isa = PBXFileReference;
			lastKnownFileType = sourcecode.cpp.objcpp;
			name = "include_juce_data_structures.mm";
			path = "../../JuceLibraryCode/include_juce_data_structures.mm";
			sourceTree = "SOURCE_ROOT";
		};
		A717B34E4ABDA44AE2E59437 = {
			isa = PBXFileReference;
			lastKnownFileType = wrapper.framework;
			name = Carbon.framework;
			path = System/Library/Frameworks/Carbon.framework;
			sourceTree = SDKROOT;
		};
		ADFB4225DF4CA1A3A9A0133F = {
			isa = PBXFileReference;
			lastKnownFileType = text.plist.xml;
			name = "Info-VST3.plist";
			path = "Info-VST3.plist";
			sourceTree = "SOURCE_ROOT";
		};
		AFEA24B21E9C47AE98920212 = {
			isa = PBXFileReference;
			lastKnownFileType = sourcecode.cpp.objcpp;
			name = "include_juce_audio_plugin_client_AU_1.mm";
			path = "../../JuceLibraryCode/include_juce_audio_plugin_client_AU_1.mm";
			sourceTree = "SOURCE_ROOT";
		};
		B1482ED731FE0CBDE0D82DB6 = {
			isa = PBXFileReference;
			lastKnownFileType = file.r;
			name = "include_juce_audio_plugin_client_AU.r";
			path = "../../JuceLibraryCode/include_juce_audio_plugin_client_AU.r";
			sourceTree = "SOURCE_ROOT";
		};
		B3CD05B88E92F655A9864EEF = {
			isa = PBXFileReference;
			lastKnownFileType = wrapper.framework;
			name = AudioToolbox.framework;
			path = System/Library/Frameworks/AudioToolbox.framework;
			sourceTree = SDKROOT;
		};
		BF2EDBD5D14915C9774603CF = {
			isa = PBXFileReference;
			lastKnownFileType = wrapper.framework;
			name = AudioUnit.framework;
			path = System/Library/Frameworks/AudioUnit.framework;
			sourceTree = SDKROOT;
		};
		BF7CAF6879E73F7503197CA9 = {
			isa = PBXFileReference;
			lastKnownFileType = sourcecode.cpp.objcpp;
			name = "include_juce_audio_formats.mm";
			path = "../../JuceLibraryCode/include_juce_audio_formats.mm";
			sourceTree = "SOURCE_ROOT";
		};
		CA8AE2187B3B3990023E37FF = {
			isa = PBXFileReference;
			lastKnownFileType = wrapper.framework;
			name = CoreAudio.framework;
			path = System/Library/Frameworks/CoreAudio.framework;
			sourceTree = SDKROOT;
		};
		CE4B158FB6FCD9D61100B3A0 = {
			isa = PBXFileReference;
			explicitFileType = archive.ar;
			includeInIndex = 0;
			path = libbittyDebug.a;
			sourceTree = "BUILT_PRODUCTS_DIR";
		};
		D1319A57DDCCB18CBD55BFD7 = {
			isa = PBXFileReference;
			lastKnownFileType = wrapper.framework;
			name = WebKit.framework;
			path = System/Library/Frameworks/WebKit.framework;
			sourceTree = SDKROOT;
		};
		D9AAC9E8C7EB6A87E990235B = {
			isa = PBXFileReference;
			lastKnownFileType = sourcecode.c.h;
			name = Engine.h;
			path = ../../Source/Engine.h;
			sourceTree = "SOURCE_ROOT";
		};
		E2FECF9098957DF7CEBEFE24 = {
			isa = PBXFileReference;
			lastKnownFileType = file;
			name = "juce_audio_formats";
			path = "../../JuceLibraryCode/modules/juce_audio_formats";
			sourceTree = "SOURCE_ROOT";
		};
		E602E2A565D941AE0090BAC2 = {
			isa = PBXFileReference;
			lastKnownFileType = sourcecode.cpp.objcpp;
			name = "include_juce_audio_plugin_client_AU_2.mm";
			path = "../../JuceLibraryCode/include_juce_audio_plugin_client_AU_2.mm";
			sourceTree = "SOURCE_ROOT";
		};
		E6623F42589EDE1E58C2E883 = {
			isa = PBXFileReference;
			lastKnownFileType = sourcecode.cpp.objcpp;
			name = "include_juce_audio_basics.mm";
			path = "../../JuceLibraryCode/include_juce_audio_basics.mm";
			sourceTree = "SOURCE_ROOT";
		};
		E8A83A9C509586AE7A372833 = {
			isa = PBXFileReference;
			lastKnownFileType = sourcecode.cpp.cpp;
			name = PluginProcessor.cpp;
			path = ../../Source/PluginProcessor.cpp;
			sourceTree = "SOURCE_ROOT";
		};
		EC1A2D7905EA1586E6AA70BC = {
			isa = PBXFileReference;
			lastKnownFileType = sourcecode.c.h;
			name = JucePluginDefines.h;
			path = ../../JuceLibraryCode/JucePluginDefines.h;
			sourceTree = "SOURCE_ROOT";
		};
		14276EB351713EA312A47431 = {
			isa = PBXGroup;
			children = (
				E8A83A9C509586AE7A372833,
				41A0C53063FC2C50ABE06B5E,
				75F8972E9238906904FFEE09,
				032EA5B8269F612386C87013,
				D9AAC9E8C7EB6A87E990235B,
			);
			name = Source;
			sourceTree = "<group>";
		};
		8BB12497150CCAE0ED72D05A = {
			isa = PBXGroup;
			children = (
				14276EB351713EA312A47431,
			);
			name = bitty;
			sourceTree = "<group>";
		};
		27AE231050472B4A36BBAE63 = {
			isa = PBXGroup;
			children = (
				3BEAD115ADCDE5625A6E3FC5,
				979BECB982A0FC01F70A2D88,
				E2FECF9098957DF7CEBEFE24,
				8E0A8F0620FE4192EED4F8E5,
				74EC302283068EC8B5DF9495,
				6BB4441CE954871BB792E5C1,
				16F85B5D0B2065CEA02853B1,
				0CE576DEE6C9150BD9F5ACE8,
				931A868A9DC0E6D6274592E7,
				3E6FB2A503CC094BF080E6DE,
				3E6AAA4BEC6D92E7AACDF378,
				7F65D36D0C1D9F600F27BB75,
			);
			name = "JUCE Modules";
			sourceTree = "<group>";
		};
		F2F36ACB0B249BF252BBAA2A = {
			isa = PBXGroup;
			children = (
				E6623F42589EDE1E58C2E883,
				42001112FDA49D29CD8AC4E5,
				BF7CAF6879E73F7503197CA9,
				B1482ED731FE0CBDE0D82DB6,
				AFEA24B21E9C47AE98920212,
				E602E2A565D941AE0090BAC2,
				9DC0F4F0A2658FC85F1F3BB1,
				308CD34E496450F894A5C546,
				0B573B3FABAE213AE5842D16,
				82E6F03C731A5AE466EB0C49,
				8105193E029D2A4CD7EEF601,
				10B86734374FBACF1CF350CA,
				A1F7B2BBCD3F1C9543D48467,
				23C9CB47103C6A19119126A2,
				2D5C82D07C569E384B65B202,
				01190CBF5476D6B6A7980415,
				0EB1AA9ED83CC99D5D7FEBBF,
				74B27948EE176398445A23A0,
				EC1A2D7905EA1586E6AA70BC,
			);
			name = "JUCE Library Code";
			sourceTree = "<group>";
		};
		471AFA76F53713F7382D1FF6 = {
			isa = PBXGroup;
			children = (
				ADFB4225DF4CA1A3A9A0133F,
				52E75AEA8DEF61A27C4FD8AC,
				39D9A937F14A302034CE5F03,
			);
			name = Resources;
			sourceTree = "<group>";
		};
		75507E8121466CC1E2F42CD2 = {
			isa = PBXGroup;
			children = (
				BF2EDBD5D14915C9774603CF,
				5BD5B976B9D295CFC44BB2F8,
				B3CD05B88E92F655A9864EEF,
				A717B34E4ABDA44AE2E59437,
				123068F23EBE77C9CA7D9A3C,
				CA8AE2187B3B3990023E37FF,
				6D50B975F8A5E58FB9954D68,
				5E1443501F98D8EC5C75EFE3,
				A19584D33F7E478E23D04905,
				541372FE4DD330AF919DE90D,
				9422DEC9CAB8292B812ED12B,
				D1319A57DDCCB18CBD55BFD7,
			);
			name = Frameworks;
			sourceTree = "<group>";
		};
		FD135283BBE280499D2C6ACA = {
			isa = PBXGroup;
			children = (
				7958F067C25BD46BCAAC5852,
				38C18086227D149837A8E2DA,
				CE4B158FB6FCD9D61100B3A0,
			);
			name = Products;
			sourceTree = "<group>";
		};
		486B2A5889CD8096DC1D4762 = {
			isa = PBXGroup;
			children = (
				8BB12497150CCAE0ED72D05A,
				27AE231050472B4A36BBAE63,
				F2F36ACB0B249BF252BBAA2A,
				471AFA76F53713F7382D1FF6,
				75507E8121466CC1E2F42CD2,
				FD135283BBE280499D2C6ACA,
			);
			name = Source;
			sourceTree = "<group>";
		};
		2EF6D7101AC9FBF55767E040 = {
			isa = PBXTargetDependency;
			target = 43B2B45329CBB36F364F3B09;
		};
		7AD96C26456B5E308465AAAA = {
			isa = PBXTargetDependency;
			target = 6D8479CFC9E6C972E88B1F17;
		};
		2CD449870AB89F066B991290 = {
			isa = PBXTargetDependency;
			target = E5F591CD6256991E296D1ADC;
		};
		DF2B8B9227773EB742B1BDBB = {
			isa = PBXTargetDependency;
			target = E5F591CD6256991E296D1ADC;
		};
		494012A3FD98F802204240D9 = {
			isa = PBXTargetDependency;
			target = E5F591CD6256991E296D1ADC;
		};
		C1C31496600ED94F7FA9E2DF = {
			isa = XCBuildConfiguration;
			buildSettings = {
				MACOSX_DEPLOYMENT_TARGET = 10.11;
				SDKROOT = macosx;
			};
			name = Debug;
		};
		B55A08048B31E6003B06F508 = {
			isa = XCBuildConfiguration;
			buildSettings = {
				MACOSX_DEPLOYMENT_TARGET = 10.11;
				SDKROOT = macosx;
			};
			name = Release;
		};
		960BD3A28BDBC2C50E0AA1BF = {
			isa = XCBuildConfiguration;
			buildSettings = {
				CLANG_CXX_LANGUAGE_STANDARD = "c++17";
				CLANG_CXX_LIBRARY = "libc++";
				CLANG_LINK_OBJC_RUNTIME = NO;
				CODE_SIGN_IDENTITY = "";
				COMBINE_HIDPI_IMAGES = YES;
				CONFIGURATION_BUILD_DIR = "$(PROJECT_DIR)/build/$(CONFIGURATION)";
				COPY_PHASE_STRIP = NO;
				DEPLOYMENT_LOCATION = YES;
				DSTROOT = /;
				GCC_DYNAMIC_NO_PIC = NO;
				GCC_OPTIMIZATION_LEVEL = 0;
				GCC_PREPROCESSOR_DEFINITIONS = (
					"_DEBUG=1",
					"DEBUG=1",
					"JUCER_XCODE_MAC_F6D2F4CF=1",
					"JUCE_APP_VERSION=0.1",
					"JUCE_APP_VERSION_HEX=0x100",
					"JucePlugin_Build_VST=0",
					"JucePlugin_Build_VST3=1",
					"JucePlugin_Build_AU=1",
					"JucePlugin_Build_AUv3=0",
					"JucePlugin_Build_RTAS=0",
					"JucePlugin_Build_AAX=0",
					"JucePlugin_Build_Standalone=0",
					"JucePlugin_Build_Unity=0",
					"JUCE_DISPLAY_SPLASH_SCREEN=1",
					"JUCE_USE_DARK_SPLASH_SCREEN=1",
					"JUCE_PROJUCER_VERSION=0x60001",
					"JUCE_MODULE_AVAILABLE_juce_audio_basics=1",
					"JUCE_MODULE_AVAILABLE_juce_audio_devices=1",
					"JUCE_MODULE_AVAILABLE_juce_audio_formats=1",
					"JUCE_MODULE_AVAILABLE_juce_audio_plugin_client=1",
					"JUCE_MODULE_AVAILABLE_juce_audio_processors=1",
					"JUCE_MODULE_AVAILABLE_juce_audio_utils=1",
					"JUCE_MODULE_AVAILABLE_juce_core=1",
					"JUCE_MODULE_AVAILABLE_juce_data_structures=1",
					"JUCE_MODULE_AVAILABLE_juce_events=1",
					"JUCE_MODULE_AVAILABLE_juce_graphics=1",
					"JUCE_MODULE_AVAILABLE_juce_gui_basics=1",
					"JUCE_MODULE_AVAILABLE_juce_gui_extra=1",
					"JUCE_GLOBAL_MODULE_SETTINGS_INCLUDED=1",
					"JUCE_VST3_CAN_REPLACE_VST2=0",
					"JUCE_STRICT_REFCOUNTEDPOINTER=1",
					"JucePlugin_Enable_IAA=0",
					"JucePlugin_Name=\\\"bitty\\\"",
					"JucePlugin_Desc=\\\"bit\\ manipulation\\ plugin\\\"",
					"JucePlugin_Manufacturer=\\\"zactowbes\\\"",
					"JucePlugin_ManufacturerWebsite=\\\"towb.es\\\"",
					"JucePlugin_ManufacturerEmail=\\\"zac@towb.es\\\"",
					"JucePlugin_ManufacturerCode=0x5a616354",
					"JucePlugin_PluginCode=0x5a744274",
					"JucePlugin_IsSynth=0",
					"JucePlugin_WantsMidiInput=0",
					"JucePlugin_ProducesMidiOutput=0",
					"JucePlugin_IsMidiEffect=0",
					"JucePlugin_EditorRequiresKeyboardFocus=0",
					"JucePlugin_Version=0.1",
					"JucePlugin_VersionCode=0x100",
					"JucePlugin_VersionString=\\\"0.1\\\"",
					"JucePlugin_VSTUniqueID=JucePlugin_PluginCode",
					"JucePlugin_VSTCategory=kPlugCategEffect",
					"JucePlugin_Vst3Category=\\\"Fx|Distortion|Modulation|Tools\\\"",
					"JucePlugin_AUMainType='aufx'",
					"JucePlugin_AUSubType=JucePlugin_PluginCode",
					"JucePlugin_AUExportPrefix=bittyAU",
					"JucePlugin_AUExportPrefixQuoted=\\\"bittyAU\\\"",
					"JucePlugin_AUManufacturerCode=JucePlugin_ManufacturerCode",
					"JucePlugin_CFBundleIdentifier=com.zactowbes.bitty",
					"JucePlugin_RTASCategory=0",
					"JucePlugin_RTASManufacturerCode=JucePlugin_ManufacturerCode",
					"JucePlugin_RTASProductId=JucePlugin_PluginCode",
					"JucePlugin_RTASDisableBypass=0",
					"JucePlugin_RTASDisableMultiMono=0",
					"JucePlugin_AAXIdentifier=com.zactowbes.bitty",
					"JucePlugin_AAXManufacturerCode=JucePlugin_ManufacturerCode",
					"JucePlugin_AAXProductId=JucePlugin_PluginCode",
					"JucePlugin_AAXCategory=64",
					"JucePlugin_AAXDisableBypass=0",
					"JucePlugin_AAXDisableMultiMono=0",
					"JucePlugin_IAAType=0x61757278",
					"JucePlugin_IAASubType=JucePlugin_PluginCode",
					"JucePlugin_IAAName=\\\"zactowbes:\\ bitty\\\"",
					"JucePlugin_VSTNumMidiInputs=16",
					"JucePlugin_VSTNumMidiOutputs=16",
					"JUCE_STANDALONE_APPLICATION=JucePlugin_Build_Standalone",
				);
				GCC_VERSION = com.apple.compilers.llvm.clang.1_0;
				GENERATE_PKGINFO_FILE = YES;
				HEADER_SEARCH_PATHS = (
					"../../JuceLibraryCode/modules/juce_audio_processors/format_types/VST3_SDK",
					"/Users/zt/SDKs/VST_SDK/VST2_SDK",
					"../../JuceLibraryCode",
					"../../JuceLibraryCode/modules",
					"../../JuceLibraryCode/modules/juce_audio_plugin_client",
					"$(inherited)",
				);
				INFOPLIST_FILE = Info-VST3.plist;
				INFOPLIST_PREPROCESS = NO;
				INSTALL_PATH = "$(HOME)/Library/Audio/Plug-Ins/VST3/";
				LIBRARY_STYLE = Bundle;
				MACOSX_DEPLOYMENT_TARGET = 10.11;
				OTHER_LDFLAGS = "-bundle -lbittyDebug";
				PRODUCT_BUNDLE_IDENTIFIER = com.zactowbes.bitty;
				PRODUCT_NAME = "bittyDebug";
				USE_HEADERMAP = NO;
				WRAPPER_EXTENSION = vst3;
			};
			name = Debug;
		};
		13E02F75CDDEA9F1CA7C7D15 = {
			isa = XCBuildConfiguration;
			buildSettings = {
				CLANG_CXX_LANGUAGE_STANDARD = "c++17";
				CLANG_CXX_LIBRARY = "libc++";
				CLANG_LINK_OBJC_RUNTIME = NO;
				CODE_SIGN_IDENTITY = "";
				COMBINE_HIDPI_IMAGES = YES;
				CONFIGURATION_BUILD_DIR = "$(PROJECT_DIR)/build/$(CONFIGURATION)";
				DEAD_CODE_STRIPPING = YES;
				DEPLOYMENT_LOCATION = YES;
				DSTROOT = /;
				GCC_GENERATE_DEBUGGING_SYMBOLS = NO;
				GCC_OPTIMIZATION_LEVEL = 3;
				GCC_PREPROCESSOR_DEFINITIONS = (
					"_NDEBUG=1",
					"NDEBUG=1",
					"JUCER_XCODE_MAC_F6D2F4CF=1",
					"JUCE_APP_VERSION=0.1",
					"JUCE_APP_VERSION_HEX=0x100",
					"JucePlugin_Build_VST=0",
					"JucePlugin_Build_VST3=1",
					"JucePlugin_Build_AU=1",
					"JucePlugin_Build_AUv3=0",
					"JucePlugin_Build_RTAS=0",
					"JucePlugin_Build_AAX=0",
					"JucePlugin_Build_Standalone=0",
					"JucePlugin_Build_Unity=0",
					"JUCE_DISPLAY_SPLASH_SCREEN=1",
					"JUCE_USE_DARK_SPLASH_SCREEN=1",
					"JUCE_PROJUCER_VERSION=0x60001",
					"JUCE_MODULE_AVAILABLE_juce_audio_basics=1",
					"JUCE_MODULE_AVAILABLE_juce_audio_devices=1",
					"JUCE_MODULE_AVAILABLE_juce_audio_formats=1",
					"JUCE_MODULE_AVAILABLE_juce_audio_plugin_client=1",
					"JUCE_MODULE_AVAILABLE_juce_audio_processors=1",
					"JUCE_MODULE_AVAILABLE_juce_audio_utils=1",
					"JUCE_MODULE_AVAILABLE_juce_core=1",
					"JUCE_MODULE_AVAILABLE_juce_data_structures=1",
					"JUCE_MODULE_AVAILABLE_juce_events=1",
					"JUCE_MODULE_AVAILABLE_juce_graphics=1",
					"JUCE_MODULE_AVAILABLE_juce_gui_basics=1",
					"JUCE_MODULE_AVAILABLE_juce_gui_extra=1",
					"JUCE_GLOBAL_MODULE_SETTINGS_INCLUDED=1",
					"JUCE_VST3_CAN_REPLACE_VST2=0",
					"JUCE_STRICT_REFCOUNTEDPOINTER=1",
					"JucePlugin_Enable_IAA=0",
					"JucePlugin_Name=\\\"bitty\\\"",
					"JucePlugin_Desc=\\\"bit\\ manipulation\\ plugin\\\"",
					"JucePlugin_Manufacturer=\\\"zactowbes\\\"",
					"JucePlugin_ManufacturerWebsite=\\\"towb.es\\\"",
					"JucePlugin_ManufacturerEmail=\\\"zac@towb.es\\\"",
					"JucePlugin_ManufacturerCode=0x5a616354",
					"JucePlugin_PluginCode=0x5a744274",
					"JucePlugin_IsSynth=0",
					"JucePlugin_WantsMidiInput=0",
					"JucePlugin_ProducesMidiOutput=0",
					"JucePlugin_IsMidiEffect=0",
					"JucePlugin_EditorRequiresKeyboardFocus=0",
					"JucePlugin_Version=0.1",
					"JucePlugin_VersionCode=0x100",
					"JucePlugin_VersionString=\\\"0.1\\\"",
					"JucePlugin_VSTUniqueID=JucePlugin_PluginCode",
					"JucePlugin_VSTCategory=kPlugCategEffect",
					"JucePlugin_Vst3Category=\\\"Fx|Distortion|Modulation|Tools\\\"",
					"JucePlugin_AUMainType='aufx'",
					"JucePlugin_AUSubType=JucePlugin_PluginCode",
					"JucePlugin_AUExportPrefix=bittyAU",
					"JucePlugin_AUExportPrefixQuoted=\\\"bittyAU\\\"",
					"JucePlugin_AUManufacturerCode=JucePlugin_ManufacturerCode",
					"JucePlugin_CFBundleIdentifier=com.zactowbes.bitty",
					"JucePlugin_RTASCategory=0",
					"JucePlugin_RTASManufacturerCode=JucePlugin_ManufacturerCode",
					"JucePlugin_RTASProductId=JucePlugin_PluginCode",
					"JucePlugin_RTASDisableBypass=0",
					"JucePlugin_RTASDisableMultiMono=0",
					"JucePlugin_AAXIdentifier=com.zactowbes.bitty",
					"JucePlugin_AAXManufacturerCode=JucePlugin_ManufacturerCode",
					"JucePlugin_AAXProductId=JucePlugin_PluginCode",
					"JucePlugin_AAXCategory=64",
					"JucePlugin_AAXDisableBypass=0",
					"JucePlugin_AAXDisableMultiMono=0",
					"JucePlugin_IAAType=0x61757278",
					"JucePlugin_IAASubType=JucePlugin_PluginCode",
					"JucePlugin_IAAName=\\\"zactowbes:\\ bitty\\\"",
					"JucePlugin_VSTNumMidiInputs=16",
					"JucePlugin_VSTNumMidiOutputs=16",
					"JUCE_STANDALONE_APPLICATION=JucePlugin_Build_Standalone",
				);
				GCC_VERSION = com.apple.compilers.llvm.clang.1_0;
				GENERATE_PKGINFO_FILE = YES;
				HEADER_SEARCH_PATHS = (
					"../../JuceLibraryCode/modules/juce_audio_processors/format_types/VST3_SDK",
					"/Users/zt/SDKs/VST_SDK/VST2_SDK",
					"../../JuceLibraryCode",
					"../../JuceLibraryCode/modules",
					"../../JuceLibraryCode/modules/juce_audio_plugin_client",
					"$(inherited)",
				);
				INFOPLIST_FILE = Info-VST3.plist;
				INFOPLIST_PREPROCESS = NO;
				INSTALL_PATH = "$(HOME)/Library/Audio/Plug-Ins/VST3/";
				LIBRARY_STYLE = Bundle;
				LLVM_LTO = YES;
				MACOSX_DEPLOYMENT_TARGET = 10.11;
				OTHER_LDFLAGS = "-bundle -lbitty";
				PRODUCT_BUNDLE_IDENTIFIER = com.zactowbes.bitty;
				PRODUCT_NAME = "bitty";
				USE_HEADERMAP = NO;
				WRAPPER_EXTENSION = vst3;
			};
			name = Release;
		};
		F1E73F112DC9C8C71F3AA09C = {
			isa = XCBuildConfiguration;
			buildSettings = {
				CLANG_CXX_LANGUAGE_STANDARD = "c++17";
				CLANG_CXX_LIBRARY = "libc++";
				CLANG_LINK_OBJC_RUNTIME = NO;
				CODE_SIGN_IDENTITY = "";
				COMBINE_HIDPI_IMAGES = YES;
				CONFIGURATION_BUILD_DIR = "$(PROJECT_DIR)/build/$(CONFIGURATION)";
				COPY_PHASE_STRIP = NO;
				DEPLOYMENT_LOCATION = YES;
				DSTROOT = /;
				GCC_DYNAMIC_NO_PIC = NO;
				GCC_OPTIMIZATION_LEVEL = 0;
				GCC_PREPROCESSOR_DEFINITIONS = (
					"_DEBUG=1",
					"DEBUG=1",
					"JUCER_XCODE_MAC_F6D2F4CF=1",
					"JUCE_APP_VERSION=0.1",
					"JUCE_APP_VERSION_HEX=0x100",
					"JucePlugin_Build_VST=0",
					"JucePlugin_Build_VST3=1",
					"JucePlugin_Build_AU=1",
					"JucePlugin_Build_AUv3=0",
					"JucePlugin_Build_RTAS=0",
					"JucePlugin_Build_AAX=0",
					"JucePlugin_Build_Standalone=0",
					"JucePlugin_Build_Unity=0",
					"JUCE_DISPLAY_SPLASH_SCREEN=1",
					"JUCE_USE_DARK_SPLASH_SCREEN=1",
					"JUCE_PROJUCER_VERSION=0x60001",
					"JUCE_MODULE_AVAILABLE_juce_audio_basics=1",
					"JUCE_MODULE_AVAILABLE_juce_audio_devices=1",
					"JUCE_MODULE_AVAILABLE_juce_audio_formats=1",
					"JUCE_MODULE_AVAILABLE_juce_audio_plugin_client=1",
					"JUCE_MODULE_AVAILABLE_juce_audio_processors=1",
					"JUCE_MODULE_AVAILABLE_juce_audio_utils=1",
					"JUCE_MODULE_AVAILABLE_juce_core=1",
					"JUCE_MODULE_AVAILABLE_juce_data_structures=1",
					"JUCE_MODULE_AVAILABLE_juce_events=1",
					"JUCE_MODULE_AVAILABLE_juce_graphics=1",
					"JUCE_MODULE_AVAILABLE_juce_gui_basics=1",
					"JUCE_MODULE_AVAILABLE_juce_gui_extra=1",
					"JUCE_GLOBAL_MODULE_SETTINGS_INCLUDED=1",
					"JUCE_VST3_CAN_REPLACE_VST2=0",
					"JUCE_STRICT_REFCOUNTEDPOINTER=1",
					"JucePlugin_Enable_IAA=0",
					"JucePlugin_Name=\\\"bitty\\\"",
					"JucePlugin_Desc=\\\"bit\\ manipulation\\ plugin\\\"",
					"JucePlugin_Manufacturer=\\\"zactowbes\\\"",
					"JucePlugin_ManufacturerWebsite=\\\"towb.es\\\"",
					"JucePlugin_ManufacturerEmail=\\\"zac@towb.es\\\"",
					"JucePlugin_ManufacturerCode=0x5a616354",
					"JucePlugin_PluginCode=0x5a744274",
					"JucePlugin_IsSynth=0",
					"JucePlugin_WantsMidiInput=0",
					"JucePlugin_ProducesMidiOutput=0",
					"JucePlugin_IsMidiEffect=0",
					"JucePlugin_EditorRequiresKeyboardFocus=0",
					"JucePlugin_Version=0.1",
					"JucePlugin_VersionCode=0x100",
					"JucePlugin_VersionString=\\\"0.1\\\"",
					"JucePlugin_VSTUniqueID=JucePlugin_PluginCode",
					"JucePlugin_VSTCategory=kPlugCategEffect",
					"JucePlugin_Vst3Category=\\\"Fx|Distortion|Modulation|Tools\\\"",
					"JucePlugin_AUMainType='aufx'",
					"JucePlugin_AUSubType=JucePlugin_PluginCode",
					"JucePlugin_AUExportPrefix=bittyAU",
					"JucePlugin_AUExportPrefixQuoted=\\\"bittyAU\\\"",
					"JucePlugin_AUManufacturerCode=JucePlugin_ManufacturerCode",
					"JucePlugin_CFBundleIdentifier=com.zactowbes.bitty",
					"JucePlugin_RTASCategory=0",
					"JucePlugin_RTASManufacturerCode=JucePlugin_ManufacturerCode",
					"JucePlugin_RTASProductId=JucePlugin_PluginCode",
					"JucePlugin_RTASDisableBypass=0",
					"JucePlugin_RTASDisableMultiMono=0",
					"JucePlugin_AAXIdentifier=com.zactowbes.bitty",
					"JucePlugin_AAXManufacturerCode=JucePlugin_ManufacturerCode",
					"JucePlugin_AAXProductId=JucePlugin_PluginCode",
					"JucePlugin_AAXCategory=64",
					"JucePlugin_AAXDisableBypass=0",
					"JucePlugin_AAXDisableMultiMono=0",
					"JucePlugin_IAAType=0x61757278",
					"JucePlugin_IAASubType=JucePlugin_PluginCode",
					"JucePlugin_IAAName=\\\"zactowbes:\\ bitty\\\"",
					"JucePlugin_VSTNumMidiInputs=16",
					"JucePlugin_VSTNumMidiOutputs=16",
					"JUCE_STANDALONE_APPLICATION=JucePlugin_Build_Standalone",
				);
				GCC_VERSION = com.apple.compilers.llvm.clang.1_0;
				GENERATE_PKGINFO_FILE = YES;
				HEADER_SEARCH_PATHS = (
					"../../JuceLibraryCode/modules/juce_audio_processors/format_types/VST3_SDK",
					"/Users/zt/SDKs/VST_SDK/VST2_SDK",
					"../../JuceLibraryCode",
					"../../JuceLibraryCode/modules",
					"../../JuceLibraryCode/modules/juce_audio_plugin_client",
					"$(inherited)",
				);
				INFOPLIST_FILE = Info-AU.plist;
				INFOPLIST_PREPROCESS = NO;
				INSTALL_PATH = "$(HOME)/Library/Audio/Plug-Ins/Components/";
				LIBRARY_STYLE = Bundle;
				MACOSX_DEPLOYMENT_TARGET = 10.11;
				OTHER_LDFLAGS = "-bundle -lbittyDebug";
				OTHER_REZFLAGS = "-d ppc_$ppc -d i386_$i386 -d ppc64_$ppc64 -d x86_64_$x86_64 -I /System/Library/Frameworks/CoreServices.framework/Frameworks/CarbonCore.framework/Versions/A/Headers -I \"$(DEVELOPER_DIR)/Extras/CoreAudio/AudioUnits/AUPublic/AUBase\" -I \"$(DEVELOPER_DIR)/Platforms/MacOSX.platform/Developer/SDKs/MacOSX.sdk/System/Library/Frameworks/AudioUnit.framework/Headers\"";
				PRODUCT_BUNDLE_IDENTIFIER = com.zactowbes.bitty;
				PRODUCT_NAME = "bittyDebug";
				USE_HEADERMAP = NO;
				WRAPPER_EXTENSION = component;
			};
			name = Debug;
		};
		61B2CAA90B720BA50EBDEF8A = {
			isa = XCBuildConfiguration;
			buildSettings = {
				CLANG_CXX_LANGUAGE_STANDARD = "c++17";
				CLANG_CXX_LIBRARY = "libc++";
				CLANG_LINK_OBJC_RUNTIME = NO;
				CODE_SIGN_IDENTITY = "";
				COMBINE_HIDPI_IMAGES = YES;
				CONFIGURATION_BUILD_DIR = "$(PROJECT_DIR)/build/$(CONFIGURATION)";
				DEAD_CODE_STRIPPING = YES;
				DEPLOYMENT_LOCATION = YES;
				DSTROOT = /;
				GCC_GENERATE_DEBUGGING_SYMBOLS = NO;
				GCC_OPTIMIZATION_LEVEL = 3;
				GCC_PREPROCESSOR_DEFINITIONS = (
					"_NDEBUG=1",
					"NDEBUG=1",
					"JUCER_XCODE_MAC_F6D2F4CF=1",
					"JUCE_APP_VERSION=0.1",
					"JUCE_APP_VERSION_HEX=0x100",
					"JucePlugin_Build_VST=0",
					"JucePlugin_Build_VST3=1",
					"JucePlugin_Build_AU=1",
					"JucePlugin_Build_AUv3=0",
					"JucePlugin_Build_RTAS=0",
					"JucePlugin_Build_AAX=0",
					"JucePlugin_Build_Standalone=0",
					"JucePlugin_Build_Unity=0",
					"JUCE_DISPLAY_SPLASH_SCREEN=1",
					"JUCE_USE_DARK_SPLASH_SCREEN=1",
					"JUCE_PROJUCER_VERSION=0x60001",
					"JUCE_MODULE_AVAILABLE_juce_audio_basics=1",
					"JUCE_MODULE_AVAILABLE_juce_audio_devices=1",
					"JUCE_MODULE_AVAILABLE_juce_audio_formats=1",
					"JUCE_MODULE_AVAILABLE_juce_audio_plugin_client=1",
					"JUCE_MODULE_AVAILABLE_juce_audio_processors=1",
					"JUCE_MODULE_AVAILABLE_juce_audio_utils=1",
					"JUCE_MODULE_AVAILABLE_juce_core=1",
					"JUCE_MODULE_AVAILABLE_juce_data_structures=1",
					"JUCE_MODULE_AVAILABLE_juce_events=1",
					"JUCE_MODULE_AVAILABLE_juce_graphics=1",
					"JUCE_MODULE_AVAILABLE_juce_gui_basics=1",
					"JUCE_MODULE_AVAILABLE_juce_gui_extra=1",
					"JUCE_GLOBAL_MODULE_SETTINGS_INCLUDED=1",
					"JUCE_VST3_CAN_REPLACE_VST2=0",
					"JUCE_STRICT_REFCOUNTEDPOINTER=1",
					"JucePlugin_Enable_IAA=0",
					"JucePlugin_Name=\\\"bitty\\\"",
					"JucePlugin_Desc=\\\"bit\\ manipulation\\ plugin\\\"",
					"JucePlugin_Manufacturer=\\\"zactowbes\\\"",
					"JucePlugin_ManufacturerWebsite=\\\"towb.es\\\"",
					"JucePlugin_ManufacturerEmail=\\\"zac@towb.es\\\"",
					"JucePlugin_ManufacturerCode=0x5a616354",
					"JucePlugin_PluginCode=0x5a744274",
					"JucePlugin_IsSynth=0",
					"JucePlugin_WantsMidiInput=0",
					"JucePlugin_ProducesMidiOutput=0",
					"JucePlugin_IsMidiEffect=0",
					"JucePlugin_EditorRequiresKeyboardFocus=0",
					"JucePlugin_Version=0.1",
					"JucePlugin_VersionCode=0x100",
					"JucePlugin_VersionString=\\\"0.1\\\"",
					"JucePlugin_VSTUniqueID=JucePlugin_PluginCode",
					"JucePlugin_VSTCategory=kPlugCategEffect",
					"JucePlugin_Vst3Category=\\\"Fx|Distortion|Modulation|Tools\\\"",
					"JucePlugin_AUMainType='aufx'",
					"JucePlugin_AUSubType=JucePlugin_PluginCode",
					"JucePlugin_AUExportPrefix=bittyAU",
					"JucePlugin_AUExportPrefixQuoted=\\\"bittyAU\\\"",
					"JucePlugin_AUManufacturerCode=JucePlugin_ManufacturerCode",
					"JucePlugin_CFBundleIdentifier=com.zactowbes.bitty",
					"JucePlugin_RTASCategory=0",
					"JucePlugin_RTASManufacturerCode=JucePlugin_ManufacturerCode",
					"JucePlugin_RTASProductId=JucePlugin_PluginCode",
					"JucePlugin_RTASDisableBypass=0",
					"JucePlugin_RTASDisableMultiMono=0",
					"JucePlugin_AAXIdentifier=com.zactowbes.bitty",
					"JucePlugin_AAXManufacturerCode=JucePlugin_ManufacturerCode",
					"JucePlugin_AAXProductId=JucePlugin_PluginCode",
					"JucePlugin_AAXCategory=64",
					"JucePlugin_AAXDisableBypass=0",
					"JucePlugin_AAXDisableMultiMono=0",
					"JucePlugin_IAAType=0x61757278",
					"JucePlugin_IAASubType=JucePlugin_PluginCode",
					"JucePlugin_IAAName=\\\"zactowbes:\\ bitty\\\"",
					"JucePlugin_VSTNumMidiInputs=16",
					"JucePlugin_VSTNumMidiOutputs=16",
					"JUCE_STANDALONE_APPLICATION=JucePlugin_Build_Standalone",
				);
				GCC_VERSION = com.apple.compilers.llvm.clang.1_0;
				GENERATE_PKGINFO_FILE = YES;
				HEADER_SEARCH_PATHS = (
					"../../JuceLibraryCode/modules/juce_audio_processors/format_types/VST3_SDK",
					"/Users/zt/SDKs/VST_SDK/VST2_SDK",
					"../../JuceLibraryCode",
					"../../JuceLibraryCode/modules",
					"../../JuceLibraryCode/modules/juce_audio_plugin_client",
					"$(inherited)",
				);
				INFOPLIST_FILE = Info-AU.plist;
				INFOPLIST_PREPROCESS = NO;
				INSTALL_PATH = "$(HOME)/Library/Audio/Plug-Ins/Components/";
				LIBRARY_STYLE = Bundle;
				LLVM_LTO = YES;
				MACOSX_DEPLOYMENT_TARGET = 10.11;
				OTHER_LDFLAGS = "-bundle -lbitty";
				OTHER_REZFLAGS = "-d ppc_$ppc -d i386_$i386 -d ppc64_$ppc64 -d x86_64_$x86_64 -I /System/Library/Frameworks/CoreServices.framework/Frameworks/CarbonCore.framework/Versions/A/Headers -I \"$(DEVELOPER_DIR)/Extras/CoreAudio/AudioUnits/AUPublic/AUBase\" -I \"$(DEVELOPER_DIR)/Platforms/MacOSX.platform/Developer/SDKs/MacOSX.sdk/System/Library/Frameworks/AudioUnit.framework/Headers\"";
				PRODUCT_BUNDLE_IDENTIFIER = com.zactowbes.bitty;
				PRODUCT_NAME = "bitty";
				USE_HEADERMAP = NO;
				WRAPPER_EXTENSION = component;
			};
			name = Release;
		};
		32D1D7BE08385CB6E667D71D = {
			isa = XCBuildConfiguration;
			buildSettings = {
				CLANG_CXX_LANGUAGE_STANDARD = "c++17";
				CLANG_CXX_LIBRARY = "libc++";
				CLANG_LINK_OBJC_RUNTIME = NO;
				CODE_SIGN_IDENTITY = "";
				COMBINE_HIDPI_IMAGES = YES;
				CONFIGURATION_BUILD_DIR = "$(PROJECT_DIR)/build/$(CONFIGURATION)";
				COPY_PHASE_STRIP = NO;
				GCC_DYNAMIC_NO_PIC = NO;
				GCC_OPTIMIZATION_LEVEL = 0;
				GCC_PREPROCESSOR_DEFINITIONS = (
					"_DEBUG=1",
					"DEBUG=1",
					"JUCER_XCODE_MAC_F6D2F4CF=1",
					"JUCE_APP_VERSION=0.1",
					"JUCE_APP_VERSION_HEX=0x100",
					"JucePlugin_Build_VST=0",
					"JucePlugin_Build_VST3=1",
					"JucePlugin_Build_AU=1",
					"JucePlugin_Build_AUv3=0",
					"JucePlugin_Build_RTAS=0",
					"JucePlugin_Build_AAX=0",
					"JucePlugin_Build_Standalone=0",
					"JucePlugin_Build_Unity=0",
					"JUCE_SHARED_CODE=1",
					"JUCE_DISPLAY_SPLASH_SCREEN=1",
					"JUCE_USE_DARK_SPLASH_SCREEN=1",
					"JUCE_PROJUCER_VERSION=0x60001",
					"JUCE_MODULE_AVAILABLE_juce_audio_basics=1",
					"JUCE_MODULE_AVAILABLE_juce_audio_devices=1",
					"JUCE_MODULE_AVAILABLE_juce_audio_formats=1",
					"JUCE_MODULE_AVAILABLE_juce_audio_plugin_client=1",
					"JUCE_MODULE_AVAILABLE_juce_audio_processors=1",
					"JUCE_MODULE_AVAILABLE_juce_audio_utils=1",
					"JUCE_MODULE_AVAILABLE_juce_core=1",
					"JUCE_MODULE_AVAILABLE_juce_data_structures=1",
					"JUCE_MODULE_AVAILABLE_juce_events=1",
					"JUCE_MODULE_AVAILABLE_juce_graphics=1",
					"JUCE_MODULE_AVAILABLE_juce_gui_basics=1",
					"JUCE_MODULE_AVAILABLE_juce_gui_extra=1",
					"JUCE_GLOBAL_MODULE_SETTINGS_INCLUDED=1",
					"JUCE_VST3_CAN_REPLACE_VST2=0",
					"JUCE_STRICT_REFCOUNTEDPOINTER=1",
					"JucePlugin_Enable_IAA=0",
					"JucePlugin_Name=\\\"bitty\\\"",
					"JucePlugin_Desc=\\\"bit\\ manipulation\\ plugin\\\"",
					"JucePlugin_Manufacturer=\\\"zactowbes\\\"",
					"JucePlugin_ManufacturerWebsite=\\\"towb.es\\\"",
					"JucePlugin_ManufacturerEmail=\\\"zac@towb.es\\\"",
					"JucePlugin_ManufacturerCode=0x5a616354",
					"JucePlugin_PluginCode=0x5a744274",
					"JucePlugin_IsSynth=0",
					"JucePlugin_WantsMidiInput=0",
					"JucePlugin_ProducesMidiOutput=0",
					"JucePlugin_IsMidiEffect=0",
					"JucePlugin_EditorRequiresKeyboardFocus=0",
					"JucePlugin_Version=0.1",
					"JucePlugin_VersionCode=0x100",
					"JucePlugin_VersionString=\\\"0.1\\\"",
					"JucePlugin_VSTUniqueID=JucePlugin_PluginCode",
					"JucePlugin_VSTCategory=kPlugCategEffect",
					"JucePlugin_Vst3Category=\\\"Fx|Distortion|Modulation|Tools\\\"",
					"JucePlugin_AUMainType='aufx'",
					"JucePlugin_AUSubType=JucePlugin_PluginCode",
					"JucePlugin_AUExportPrefix=bittyAU",
					"JucePlugin_AUExportPrefixQuoted=\\\"bittyAU\\\"",
					"JucePlugin_AUManufacturerCode=JucePlugin_ManufacturerCode",
					"JucePlugin_CFBundleIdentifier=com.zactowbes.bitty",
					"JucePlugin_RTASCategory=0",
					"JucePlugin_RTASManufacturerCode=JucePlugin_ManufacturerCode",
					"JucePlugin_RTASProductId=JucePlugin_PluginCode",
					"JucePlugin_RTASDisableBypass=0",
					"JucePlugin_RTASDisableMultiMono=0",
					"JucePlugin_AAXIdentifier=com.zactowbes.bitty",
					"JucePlugin_AAXManufacturerCode=JucePlugin_ManufacturerCode",
					"JucePlugin_AAXProductId=JucePlugin_PluginCode",
					"JucePlugin_AAXCategory=64",
					"JucePlugin_AAXDisableBypass=0",
					"JucePlugin_AAXDisableMultiMono=0",
					"JucePlugin_IAAType=0x61757278",
					"JucePlugin_IAASubType=JucePlugin_PluginCode",
					"JucePlugin_IAAName=\\\"zactowbes:\\ bitty\\\"",
					"JucePlugin_VSTNumMidiInputs=16",
					"JucePlugin_VSTNumMidiOutputs=16",
					"JUCE_STANDALONE_APPLICATION=JucePlugin_Build_Standalone",
				);
				GCC_VERSION = com.apple.compilers.llvm.clang.1_0;
				HEADER_SEARCH_PATHS = (
					"../../JuceLibraryCode/modules/juce_audio_processors/format_types/VST3_SDK",
					"/Users/zt/SDKs/VST_SDK/VST2_SDK",
					"../../JuceLibraryCode",
					"../../JuceLibraryCode/modules",
					"../../JuceLibraryCode/modules/juce_audio_plugin_client",
					"$(inherited)",
				);
				INSTALL_PATH = "@executable_path/../Frameworks";
				MACOSX_DEPLOYMENT_TARGET = 10.11;
				PRODUCT_BUNDLE_IDENTIFIER = com.zactowbes.bitty;
				PRODUCT_NAME = "bittyDebug";
				SKIP_INSTALL = YES;
				USE_HEADERMAP = NO;
			};
			name = Debug;
		};
		A1A267974B8E17880160D2B6 = {
			isa = XCBuildConfiguration;
			buildSettings = {
				CLANG_CXX_LANGUAGE_STANDARD = "c++17";
				CLANG_CXX_LIBRARY = "libc++";
				CLANG_LINK_OBJC_RUNTIME = NO;
				CODE_SIGN_IDENTITY = "";
				COMBINE_HIDPI_IMAGES = YES;
				CONFIGURATION_BUILD_DIR = "$(PROJECT_DIR)/build/$(CONFIGURATION)";
				DEAD_CODE_STRIPPING = YES;
				GCC_GENERATE_DEBUGGING_SYMBOLS = NO;
				GCC_OPTIMIZATION_LEVEL = 3;
				GCC_PREPROCESSOR_DEFINITIONS = (
					"_NDEBUG=1",
					"NDEBUG=1",
					"JUCER_XCODE_MAC_F6D2F4CF=1",
					"JUCE_APP_VERSION=0.1",
					"JUCE_APP_VERSION_HEX=0x100",
					"JucePlugin_Build_VST=0",
					"JucePlugin_Build_VST3=1",
					"JucePlugin_Build_AU=1",
					"JucePlugin_Build_AUv3=0",
					"JucePlugin_Build_RTAS=0",
					"JucePlugin_Build_AAX=0",
					"JucePlugin_Build_Standalone=0",
					"JucePlugin_Build_Unity=0",
					"JUCE_SHARED_CODE=1",
					"JUCE_DISPLAY_SPLASH_SCREEN=1",
					"JUCE_USE_DARK_SPLASH_SCREEN=1",
					"JUCE_PROJUCER_VERSION=0x60001",
					"JUCE_MODULE_AVAILABLE_juce_audio_basics=1",
					"JUCE_MODULE_AVAILABLE_juce_audio_devices=1",
					"JUCE_MODULE_AVAILABLE_juce_audio_formats=1",
					"JUCE_MODULE_AVAILABLE_juce_audio_plugin_client=1",
					"JUCE_MODULE_AVAILABLE_juce_audio_processors=1",
					"JUCE_MODULE_AVAILABLE_juce_audio_utils=1",
					"JUCE_MODULE_AVAILABLE_juce_core=1",
					"JUCE_MODULE_AVAILABLE_juce_data_structures=1",
					"JUCE_MODULE_AVAILABLE_juce_events=1",
					"JUCE_MODULE_AVAILABLE_juce_graphics=1",
					"JUCE_MODULE_AVAILABLE_juce_gui_basics=1",
					"JUCE_MODULE_AVAILABLE_juce_gui_extra=1",
					"JUCE_GLOBAL_MODULE_SETTINGS_INCLUDED=1",
					"JUCE_VST3_CAN_REPLACE_VST2=0",
					"JUCE_STRICT_REFCOUNTEDPOINTER=1",
					"JucePlugin_Enable_IAA=0",
					"JucePlugin_Name=\\\"bitty\\\"",
					"JucePlugin_Desc=\\\"bit\\ manipulation\\ plugin\\\"",
					"JucePlugin_Manufacturer=\\\"zactowbes\\\"",
					"JucePlugin_ManufacturerWebsite=\\\"towb.es\\\"",
					"JucePlugin_ManufacturerEmail=\\\"zac@towb.es\\\"",
					"JucePlugin_ManufacturerCode=0x5a616354",
					"JucePlugin_PluginCode=0x5a744274",
					"JucePlugin_IsSynth=0",
					"JucePlugin_WantsMidiInput=0",
					"JucePlugin_ProducesMidiOutput=0",
					"JucePlugin_IsMidiEffect=0",
					"JucePlugin_EditorRequiresKeyboardFocus=0",
					"JucePlugin_Version=0.1",
					"JucePlugin_VersionCode=0x100",
					"JucePlugin_VersionString=\\\"0.1\\\"",
					"JucePlugin_VSTUniqueID=JucePlugin_PluginCode",
					"JucePlugin_VSTCategory=kPlugCategEffect",
					"JucePlugin_Vst3Category=\\\"Fx|Distortion|Modulation|Tools\\\"",
					"JucePlugin_AUMainType='aufx'",
					"JucePlugin_AUSubType=JucePlugin_PluginCode",
					"JucePlugin_AUExportPrefix=bittyAU",
					"JucePlugin_AUExportPrefixQuoted=\\\"bittyAU\\\"",
					"JucePlugin_AUManufacturerCode=JucePlugin_ManufacturerCode",
					"JucePlugin_CFBundleIdentifier=com.zactowbes.bitty",
					"JucePlugin_RTASCategory=0",
					"JucePlugin_RTASManufacturerCode=JucePlugin_ManufacturerCode",
					"JucePlugin_RTASProductId=JucePlugin_PluginCode",
					"JucePlugin_RTASDisableBypass=0",
					"JucePlugin_RTASDisableMultiMono=0",
					"JucePlugin_AAXIdentifier=com.zactowbes.bitty",
					"JucePlugin_AAXManufacturerCode=JucePlugin_ManufacturerCode",
					"JucePlugin_AAXProductId=JucePlugin_PluginCode",
					"JucePlugin_AAXCategory=64",
					"JucePlugin_AAXDisableBypass=0",
					"JucePlugin_AAXDisableMultiMono=0",
					"JucePlugin_IAAType=0x61757278",
					"JucePlugin_IAASubType=JucePlugin_PluginCode",
					"JucePlugin_IAAName=\\\"zactowbes:\\ bitty\\\"",
					"JucePlugin_VSTNumMidiInputs=16",
					"JucePlugin_VSTNumMidiOutputs=16",
					"JUCE_STANDALONE_APPLICATION=JucePlugin_Build_Standalone",
				);
				GCC_VERSION = com.apple.compilers.llvm.clang.1_0;
				HEADER_SEARCH_PATHS = (
					"../../JuceLibraryCode/modules/juce_audio_processors/format_types/VST3_SDK",
					"/Users/zt/SDKs/VST_SDK/VST2_SDK",
					"../../JuceLibraryCode",
					"../../JuceLibraryCode/modules",
					"../../JuceLibraryCode/modules/juce_audio_plugin_client",
					"$(inherited)",
				);
				INSTALL_PATH = "@executable_path/../Frameworks";
				LLVM_LTO = YES;
				MACOSX_DEPLOYMENT_TARGET = 10.11;
				PRODUCT_BUNDLE_IDENTIFIER = com.zactowbes.bitty;
				PRODUCT_NAME = "bitty";
				SKIP_INSTALL = YES;
				USE_HEADERMAP = NO;
			};
			name = Release;
		};
		2AB85CC029D197AA8B7BA131 = {
			isa = XCBuildConfiguration;
			buildSettings = {
				ALWAYS_SEARCH_USER_PATHS = NO;
				CLANG_ENABLE_OBJC_WEAK = YES;
				CLANG_WARN_BLOCK_CAPTURE_AUTORELEASING = YES;
				CLANG_WARN_BOOL_CONVERSION = YES;
				CLANG_WARN_COMMA = YES;
				CLANG_WARN_CONSTANT_CONVERSION = YES;
				CLANG_WARN_DEPRECATED_OBJC_IMPLEMENTATIONS = YES;
				CLANG_WARN_EMPTY_BODY = YES;
				CLANG_WARN_ENUM_CONVERSION = YES;
				CLANG_WARN_INFINITE_RECURSION = YES;
				CLANG_WARN_INT_CONVERSION = YES;
				CLANG_WARN_NON_LITERAL_NULL_CONVERSION = YES;
				CLANG_WARN_OBJC_IMPLICIT_RETAIN_SELF = YES;
				CLANG_WARN_OBJC_LITERAL_CONVERSION = YES;
				CLANG_WARN_RANGE_LOOP_ANALYSIS = YES;
				CLANG_WARN_STRICT_PROTOTYPES = YES;
				CLANG_WARN_SUSPICIOUS_MOVE = YES;
				CLANG_WARN_UNREACHABLE_CODE = YES;
				CLANG_WARN__DUPLICATE_METHOD_MATCH = YES;
				CODE_SIGN_IDENTITY = "";
				DEBUG_INFORMATION_FORMAT = dwarf;
				ENABLE_STRICT_OBJC_MSGSEND = YES;
				ENABLE_TESTABILITY = NO;
				GCC_C_LANGUAGE_STANDARD = c11;
				GCC_INLINES_ARE_PRIVATE_EXTERN = YES;
				GCC_MODEL_TUNING = G5;
				GCC_NO_COMMON_BLOCKS = YES;
				GCC_SYMBOLS_PRIVATE_EXTERN = YES;
				GCC_WARN_64_TO_32_BIT_CONVERSION = YES;
				GCC_WARN_ABOUT_RETURN_TYPE = YES;
				GCC_WARN_CHECK_SWITCH_STATEMENTS = YES;
				GCC_WARN_MISSING_PARENTHESES = YES;
				GCC_WARN_NON_VIRTUAL_DESTRUCTOR = YES;
				GCC_WARN_TYPECHECK_CALLS_TO_PRINTF = YES;
				GCC_WARN_UNDECLARED_SELECTOR = YES;
				GCC_WARN_UNINITIALIZED_AUTOS = YES;
				GCC_WARN_UNUSED_FUNCTION = YES;
				GCC_WARN_UNUSED_VARIABLE = YES;
				ONLY_ACTIVE_ARCH = YES;
				PRODUCT_NAME = "bittyDebug";
				SDKROOT = macosx;
				WARNING_CFLAGS = "-Wreorder";
				ZERO_LINK = NO;
			};
			name = Debug;
		};
		8B075482FE7106D07A32469D = {
			isa = XCBuildConfiguration;
			buildSettings = {
				ALWAYS_SEARCH_USER_PATHS = NO;
				CLANG_ENABLE_OBJC_WEAK = YES;
				CLANG_WARN_BLOCK_CAPTURE_AUTORELEASING = YES;
				CLANG_WARN_BOOL_CONVERSION = YES;
				CLANG_WARN_COMMA = YES;
				CLANG_WARN_CONSTANT_CONVERSION = YES;
				CLANG_WARN_DEPRECATED_OBJC_IMPLEMENTATIONS = YES;
				CLANG_WARN_EMPTY_BODY = YES;
				CLANG_WARN_ENUM_CONVERSION = YES;
				CLANG_WARN_INFINITE_RECURSION = YES;
				CLANG_WARN_INT_CONVERSION = YES;
				CLANG_WARN_NON_LITERAL_NULL_CONVERSION = YES;
				CLANG_WARN_OBJC_IMPLICIT_RETAIN_SELF = YES;
				CLANG_WARN_OBJC_LITERAL_CONVERSION = YES;
				CLANG_WARN_RANGE_LOOP_ANALYSIS = YES;
				CLANG_WARN_STRICT_PROTOTYPES = YES;
				CLANG_WARN_SUSPICIOUS_MOVE = YES;
				CLANG_WARN_UNREACHABLE_CODE = YES;
				CLANG_WARN__DUPLICATE_METHOD_MATCH = YES;
				CODE_SIGN_IDENTITY = "";
				DEBUG_INFORMATION_FORMAT = dwarf;
				ENABLE_STRICT_OBJC_MSGSEND = YES;
				ENABLE_TESTABILITY = NO;
				GCC_C_LANGUAGE_STANDARD = c11;
				GCC_INLINES_ARE_PRIVATE_EXTERN = YES;
				GCC_MODEL_TUNING = G5;
				GCC_NO_COMMON_BLOCKS = YES;
				GCC_SYMBOLS_PRIVATE_EXTERN = YES;
				GCC_WARN_64_TO_32_BIT_CONVERSION = YES;
				GCC_WARN_ABOUT_RETURN_TYPE = YES;
				GCC_WARN_CHECK_SWITCH_STATEMENTS = YES;
				GCC_WARN_MISSING_PARENTHESES = YES;
				GCC_WARN_NON_VIRTUAL_DESTRUCTOR = YES;
				GCC_WARN_TYPECHECK_CALLS_TO_PRINTF = YES;
				GCC_WARN_UNDECLARED_SELECTOR = YES;
				GCC_WARN_UNINITIALIZED_AUTOS = YES;
				GCC_WARN_UNUSED_FUNCTION = YES;
				GCC_WARN_UNUSED_VARIABLE = YES;
				PRODUCT_NAME = "bitty";
				SDKROOT = macosx;
				WARNING_CFLAGS = "-Wreorder";
				ZERO_LINK = NO;
			};
			name = Release;
		};
		B0658E2C4E1BC1E96EE03B7E = {
			isa = XCConfigurationList;
			buildConfigurations = (
				2AB85CC029D197AA8B7BA131,
				8B075482FE7106D07A32469D,
			);
			defaultConfigurationIsVisible = 0;
			defaultConfigurationName = Debug;
		};
		77F259C92352C7AA64DB674E = {
			isa = XCConfigurationList;
			buildConfigurations = (
				C1C31496600ED94F7FA9E2DF,
				B55A08048B31E6003B06F508,
			);
			defaultConfigurationIsVisible = 0;
			defaultConfigurationName = Debug;
		};
		130DB4EF1B6D5BB17B01FAAB = {
			isa = PBXAggregateTarget;
			buildConfigurationList = 77F259C92352C7AA64DB674E;
			buildPhases = ( );
			buildRules = ( );
			dependencies = (
				2EF6D7101AC9FBF55767E040,
				7AD96C26456B5E308465AAAA,
				2CD449870AB89F066B991290,
			);
			name = "bitty - All";
			productName = bitty;
		};
		01CB5D3498048C851F4F0E94 = {
			isa = XCConfigurationList;
			buildConfigurations = (
				960BD3A28BDBC2C50E0AA1BF,
				13E02F75CDDEA9F1CA7C7D15,
			);
			defaultConfigurationIsVisible = 0;
			defaultConfigurationName = Debug;
		};
		13052AACAB1EE1EBF91A28DC = {
			isa = PBXResourcesBuildPhase;
			buildActionMask = 2147483647;
			files = (
				3DE5E3DD7BAE952ABCD4F65F,
			);
			runOnlyForDeploymentPostprocessing = 0;
		};
		6C30B0CBAA1A16120404D21E = {
			isa = PBXSourcesBuildPhase;
			buildActionMask = 2147483647;
			files = (
				37AFFB95994AEC4C2FE2425B,
			);
			runOnlyForDeploymentPostprocessing = 0;
		};
		F37BD9EF490D98DF9880ECA0 = {
			isa = PBXFrameworksBuildPhase;
			buildActionMask = 2147483647;
			files = (
				728266E71C0AB24CAB9DEE5C,
				E34FD6B31CEBB0797DA38F81,
				A3C6AA2087F6B57C33F45EEB,
				4CFDEF402F5361F261837776,
				006FAA486C0A6527B6165806,
				35201FE5C0FC643223DE2EB5,
				9F4FD14D9CDDB6D546DBFFAD,
				B60D08A3EB31951DD0F79E0A,
				17BC57295629EA63FB9DFBDE,
				C0653E2F0CEC4C900DC28755,
				926680A7FE4EB0FB00A3B814,
			);
			runOnlyForDeploymentPostprocessing = 0;
		};
		43B2B45329CBB36F364F3B09 = {
			isa = PBXNativeTarget;
			buildConfigurationList = 01CB5D3498048C851F4F0E94;
			buildPhases = (
				13052AACAB1EE1EBF91A28DC,
				6C30B0CBAA1A16120404D21E,
				F37BD9EF490D98DF9880ECA0,
			);
			buildRules = ( );
			dependencies = (
				DF2B8B9227773EB742B1BDBB,
			);
			name = "bitty - VST3";
			productName = bitty;
			productReference = 7958F067C25BD46BCAAC5852;
			productType = "com.apple.product-type.bundle";
		};
		3070965F4C4722AB3B49A301 = {
			isa = XCConfigurationList;
			buildConfigurations = (
				F1E73F112DC9C8C71F3AA09C,
				61B2CAA90B720BA50EBDEF8A,
			);
			defaultConfigurationIsVisible = 0;
			defaultConfigurationName = Debug;
		};
		55776DCC6A8A0EEB25A9348C = {
			isa = PBXResourcesBuildPhase;
			buildActionMask = 2147483647;
			files = (
				3DE5E3DD7BAE952ABCD4F65F,
			);
			runOnlyForDeploymentPostprocessing = 0;
		};
		7D19D96C55E41E9E74A88036 = {
			isa = PBXRezBuildPhase;
			buildActionMask = 2147483647;
			files = (
				7B8F10D39DF375AC7A83D515,
			);
			runOnlyForDeploymentPostprocessing = 0;
		};
		6DB5961C4A6223FF08277E67 = {
			isa = PBXSourcesBuildPhase;
			buildActionMask = 2147483647;
			files = (
				8466A0701E0F7F0F4CE65C3E,
				B9A6AAE01F334031D2110AC1,
			);
			runOnlyForDeploymentPostprocessing = 0;
		};
		127DEF4E0E632BE0C76C7AA0 = {
			isa = PBXFrameworksBuildPhase;
			buildActionMask = 2147483647;
			files = (
				B0DFA2F7E40FDF70B2537DE1,
				728266E71C0AB24CAB9DEE5C,
				E34FD6B31CEBB0797DA38F81,
				A3C6AA2087F6B57C33F45EEB,
				4CFDEF402F5361F261837776,
				006FAA486C0A6527B6165806,
				35201FE5C0FC643223DE2EB5,
				9F4FD14D9CDDB6D546DBFFAD,
				B60D08A3EB31951DD0F79E0A,
				17BC57295629EA63FB9DFBDE,
				C0653E2F0CEC4C900DC28755,
				926680A7FE4EB0FB00A3B814,
			);
			runOnlyForDeploymentPostprocessing = 0;
		};
		6D8479CFC9E6C972E88B1F17 = {
			isa = PBXNativeTarget;
			buildConfigurationList = 3070965F4C4722AB3B49A301;
			buildPhases = (
				55776DCC6A8A0EEB25A9348C,
				7D19D96C55E41E9E74A88036,
				6DB5961C4A6223FF08277E67,
				127DEF4E0E632BE0C76C7AA0,
			);
			buildRules = ( );
			dependencies = (
				494012A3FD98F802204240D9,
			);
			name = "bitty - AU";
			productName = bitty;
			productReference = 38C18086227D149837A8E2DA;
			productType = "com.apple.product-type.bundle";
		};
		9259BE597A5C1BE9A923C4F6 = {
			isa = XCConfigurationList;
			buildConfigurations = (
				32D1D7BE08385CB6E667D71D,
				A1A267974B8E17880160D2B6,
			);
			defaultConfigurationIsVisible = 0;
			defaultConfigurationName = Debug;
		};
		200F0723246BFB6DAEFDECC1 = {
			isa = PBXSourcesBuildPhase;
			buildActionMask = 2147483647;
			files = (
				7E9E6039B2555AE8E8F17109,
				574C3292BCD66F7DA5EA6D5D,
				EF96AB62A22FE5809483467F,
				F597B3B2004701FC9923DB8E,
				BFF5190AADB9872D86670F0F,
				62495EFD1CA1777FA749305F,
				B6B160EA5936FA705C59553F,
				8E5D18740B50F39EF64D55F4,
				3462A33DE6B7CCC3EA848B77,
				D63E774503C280023C8133F2,
				0B096D40C94DBA051C647599,
				BB9FADD39F6528E087EA9602,
				82ECC5A1D5CD947646BB4228,
				611CF54CA745B22C3763916A,
				40CF01FDE4286DB5B4234C44,
			);
			runOnlyForDeploymentPostprocessing = 0;
		};
		E5F591CD6256991E296D1ADC = {
			isa = PBXNativeTarget;
			buildConfigurationList = 9259BE597A5C1BE9A923C4F6;
			buildPhases = (
				200F0723246BFB6DAEFDECC1,
			);
			buildRules = ( );
			dependencies = ( );
			name = "bitty - Shared Code";
			productName = bitty;
			productReference = CE4B158FB6FCD9D61100B3A0;
			productType = "com.apple.product-type.library.static";
		};
		FA1CDD071F88B201810F0116 = {
			isa = PBXProject;
			buildConfigurationList = B0658E2C4E1BC1E96EE03B7E;
			attributes = { LastUpgradeCheck = 1100; ORGANIZATIONNAME = "zactowbes"; TargetAttributes = { 130DB4EF1B6D5BB17B01FAAB = { SystemCapabilities = {com.apple.ApplicationGroups.iOS = { enabled = 0; }; com.apple.InAppPurchase = { enabled = 0; }; com.apple.InterAppAudio = { enabled = 0; }; com.apple.Push = { enabled = 0; }; com.apple.Sandbox = { enabled = 0; }; com.apple.HardenedRuntime = { enabled = 0; }; }; };43B2B45329CBB36F364F3B09 = { SystemCapabilities = {com.apple.ApplicationGroups.iOS = { enabled = 0; }; com.apple.InAppPurchase = { enabled = 0; }; com.apple.InterAppAudio = { enabled = 0; }; com.apple.Push = { enabled = 0; }; com.apple.Sandbox = { enabled = 0; }; com.apple.HardenedRuntime = { enabled = 0; }; }; };6D8479CFC9E6C972E88B1F17 = { SystemCapabilities = {com.apple.ApplicationGroups.iOS = { enabled = 0; }; com.apple.InAppPurchase = { enabled = 0; }; com.apple.InterAppAudio = { enabled = 0; }; com.apple.Push = { enabled = 0; }; com.apple.Sandbox = { enabled = 0; }; com.apple.HardenedRuntime = { enabled = 0; }; }; };E5F591CD6256991E296D1ADC = { SystemCapabilities = {com.apple.ApplicationGroups.iOS = { enabled = 0; }; com.apple.InAppPurchase = { enabled = 0; }; com.apple.InterAppAudio = { enabled = 0; }; com.apple.Push = { enabled = 0; }; com.apple.Sandbox = { enabled = 0; }; com.apple.HardenedRuntime = { enabled = 0; }; }; }; }; };
			compatibilityVersion = "Xcode 3.2";
			hasScannedForEncodings = 0;
			mainGroup = 486B2A5889CD8096DC1D4762;
			projectDirPath = "";
			projectRoot = "";
			targets = (130DB4EF1B6D5BB17B01FAAB, 43B2B45329CBB36F364F3B09, 6D8479CFC9E6C972E88B1F17, E5F591CD6256991E296D1ADC);
			knownRegions = (en, Base);
		};
	};
	rootObject = FA1CDD071F88B201810F0116;
}
